
Microsoft Visual Studio Solution File, Format Version 12.00
# Visual Studio 15
VisualStudioVersion = 15.0.28307.757
MinimumVisualStudioVersion = 10.0.40219.1
Project("{FAE04EC0-301F-11D3-BF4B-00C04F79EFBC}") = "ProyectoFinal", "ProyectoFinal\ProyectoFinal.csproj", "{A3C03251-464C-44DC-93F3-8648507BFA1A}"
EndProject
Global
	GlobalSection(SolutionConfigurationPlatforms) = preSolution
		Debug|Any CPU = Debug|Any CPU
		Release|Any CPU = Release|Any CPU
	EndGlobalSection
	GlobalSection(ProjectConfigurationPlatforms) = postSolution
		{A3C03251-464C-44DC-93F3-8648507BFA1A}.Debug|Any CPU.ActiveCfg = Debug|Any CPU
		{A3C03251-464C-44DC-93F3-8648507BFA1A}.Debug|Any CPU.Build.0 = Debug|Any CPU
		{A3C03251-464C-44DC-93F3-8648507BFA1A}.Release|Any CPU.ActiveCfg = Release|Any CPU
		{A3C03251-464C-44DC-93F3-8648507BFA1A}.Release|Any CPU.Build.0 = Release|Any CPU
	EndGlobalSection
	GlobalSection(SolutionProperties) = preSolution
		HideSolutionNode = FALSE
	EndGlobalSection
	GlobalSection(ExtensibilityGlobals) = postSolution
		SolutionGuid = {77FA99B0-98CC-4C13-B1CA-AE7CFD98FFFF}
	EndGlobalSection
EndGlobal
